
Microsoft Visual Studio Solution File, Format Version 12.00
# Visual Studio Version 16
VisualStudioVersion = 25.0.1700.6
MinimumVisualStudioVersion = 10.0.40219.1
Project("{FAE04EC0-301F-11D3-BF4B-00C04F79EFBC}") = "BackgroundServiceQueue", "BackgroundServiceQueue\BackgroundServiceQueue.csproj", "{EB63A686-4F0C-4917-BFDA-BD54EB53AA71}"
EndProject
Global
	GlobalSection(SolutionConfigurationPlatforms) = preSolution
		Debug|Any CPU = Debug|Any CPU
		Release|Any CPU = Release|Any CPU
	EndGlobalSection
	GlobalSection(ProjectConfigurationPlatforms) = postSolution
		{EB63A686-4F0C-4917-BFDA-BD54EB53AA71}.Debug|Any CPU.ActiveCfg = Debug|Any CPU
		{EB63A686-4F0C-4917-BFDA-BD54EB53AA71}.Debug|Any CPU.Build.0 = Debug|Any CPU
		{EB63A686-4F0C-4917-BFDA-BD54EB53AA71}.Release|Any CPU.ActiveCfg = Release|Any CPU
		{EB63A686-4F0C-4917-BFDA-BD54EB53AA71}.Release|Any CPU.Build.0 = Release|Any CPU
	EndGlobalSection
	GlobalSection(SolutionProperties) = preSolution
		HideSolutionNode = FALSE
	EndGlobalSection
	GlobalSection(ExtensibilityGlobals) = postSolution
		SolutionGuid = {F7881165-D495-47CD-AA01-62E071ADF999}
	EndGlobalSection
EndGlobal
